
Microsoft Visual Studio Solution File, Format Version 12.00
# Visual Studio Version 17
VisualStudioVersion = 17.5.33530.505
MinimumVisualStudioVersion = 10.0.40219.1
Project("{2150E333-8FDC-42A3-9474-1A3956D46DE8}") = "Feature", "Feature", "{751F678F-A2AF-4BF4-A774-361F15751AF9}"
EndProject
Project("{2150E333-8FDC-42A3-9474-1A3956D46DE8}") = "Foundation", "Foundation", "{94D37B19-5F2D-4F13-813D-08563808B66F}"
EndProject
Project("{2150E333-8FDC-42A3-9474-1A3956D46DE8}") = "Project", "Project", "{E0308D1B-6DAA-46EC-AE70-9F990FBFE167}"
EndProject
Project("{2150E333-8FDC-42A3-9474-1A3956D46DE8}") = "Dictionary", "Dictionary", "{9D7691B9-6B03-47F3-A460-3826C01A97CC}"
EndProject
Project("{2150E333-8FDC-42A3-9474-1A3956D46DE8}") = "Configuration", "Configuration", "{D4041098-2D58-49C2-9365-E0CC627BAE08}"
EndProject
Project("{2150E333-8FDC-42A3-9474-1A3956D46DE8}") = "Serialization", "Serialization", "{E4EFF640-5ADB-44A3-8618-6B4B453BB1A6}"
EndProject
Project("{FAE04EC0-301F-11D3-BF4B-00C04F79EFBC}") = "sitecorepro3.Foundation.Serialization", "sitecorepro3.Foundation.Serialization\sitecorepro3.Foundation.Serialization.csproj", "{9B5C0586-75F4-40E6-937F-8C8FB5C848ED}"
EndProject
Project("{2150E333-8FDC-42A3-9474-1A3956D46DE8}") = "News", "News", "{AE4C5FD0-B767-463B-90E4-FC7D8CCCA3E1}"
EndProject
Project("{2150E333-8FDC-42A3-9474-1A3956D46DE8}") = "Services", "Services", "{60A4DC31-FDC4-4F00-B519-9439727FFDCD}"
EndProject
Project("{2150E333-8FDC-42A3-9474-1A3956D46DE8}") = "BasicContent", "BasicContent", "{054BDBC4-0EC3-4518-804F-5A263C1B059F}"
EndProject
Project("{2150E333-8FDC-42A3-9474-1A3956D46DE8}") = "Common", "Common", "{CCB7BC10-3A49-4446-97CE-C74F8352AC4C}"
EndProject
Project("{2150E333-8FDC-42A3-9474-1A3956D46DE8}") = "Indexing", "Indexing", "{3530357C-9CC6-4529-84D7-B0FB6FFC2C5B}"
EndProject
Project("{2150E333-8FDC-42A3-9474-1A3956D46DE8}") = "Transactions", "Transactions", "{5E71E4FA-648A-4C96-A40C-83B693BD364B}"
EndProject
Project("{2150E333-8FDC-42A3-9474-1A3956D46DE8}") = "Language", "Language", "{C1643456-AC25-4E42-873A-E43498085293}"
EndProject
Project("{2150E333-8FDC-42A3-9474-1A3956D46DE8}") = "Sitemap", "Sitemap", "{A96403DA-B226-4AC9-83E3-F44386119E67}"
EndProject
Project("{2150E333-8FDC-42A3-9474-1A3956D46DE8}") = "MainContent", "MainContent", "{57FB617E-5253-4A26-8AF0-D80BAE22E1AD}"
EndProject
Project("{2150E333-8FDC-42A3-9474-1A3956D46DE8}") = "Search", "Search", "{403D4F87-A65F-4F48-9D02-F600765DA2BB}"
EndProject
Project("{2150E333-8FDC-42A3-9474-1A3956D46DE8}") = "Footer", "Footer", "{5C04BB21-C1A2-4BC6-8205-704DD385957D}"
EndProject
Project("{2150E333-8FDC-42A3-9474-1A3956D46DE8}") = "DependencyInjection", "DependencyInjection", "{E513CE40-4EF5-4D8F-8508-B1F846145FB8}"
EndProject
Project("{FAE04EC0-301F-11D3-BF4B-00C04F79EFBC}") = "sitecorepro3.Foundation.Indexing", "sitecorepro3.Foundation.Indexing\sitecorepro3.Foundation.Indexing.csproj", "{799404BA-6B68-4F27-ABAF-48636350E147}"
EndProject
Project("{2150E333-8FDC-42A3-9474-1A3956D46DE8}") = "SitecoreExtensions", "SitecoreExtensions", "{C15B2632-F352-48A6-B64A-33FF883FA187}"
EndProject
Project("{FAE04EC0-301F-11D3-BF4B-00C04F79EFBC}") = "sitecorepro3.Foundation.SitecoreExtensions", "sitecorepro3.Foundation.SitecoreExtensions\sitecorepro3.Foundation.SitecoreExtensions.csproj", "{12F88BAF-A486-47C5-8931-D66E75F0335D}"
EndProject
Project("{FAE04EC0-301F-11D3-BF4B-00C04F79EFBC}") = "sitecorepro3.Project.Common.Website", "sitecorepro3.Project.Common.Website\sitecorepro3.Project.Common.Website.csproj", "{733F74D4-F8E5-45F8-A4F7-69CDD151287B}"
EndProject
Project("{FAE04EC0-301F-11D3-BF4B-00C04F79EFBC}") = "sitecorepro3.Foundation.DependencyInjection", "sitecorepro3.Foundation.DependencyInjection\sitecorepro3.Foundation.DependencyInjection.csproj", "{CF4497E9-12BA-4E86-9059-95C37548771A}"
EndProject
Project("{2150E333-8FDC-42A3-9474-1A3956D46DE8}") = "Assets", "Assets", "{DAAC5F2B-076D-4016-A72A-23989F652B95}"
EndProject
Project("{FAE04EC0-301F-11D3-BF4B-00C04F79EFBC}") = "sitecorepro3.Foundation.Assets", "sitecorepro3.Foundation.Assets\sitecorepro3.Foundation.Assets.csproj", "{5ED6AF79-D248-4DBD-A692-1E3B0E4EF828}"
EndProject
Project("{FAE04EC0-301F-11D3-BF4B-00C04F79EFBC}") = "sitecorepro3.Feature.News", "sitecorepro3.Feature.News\sitecorepro3.Feature.News.csproj", "{3F9825A2-A055-4447-AEB0-97A0E639FF15}"
EndProject
Project("{2150E333-8FDC-42A3-9474-1A3956D46DE8}") = "Header", "Header", "{C4130808-3352-41AC-9B9F-3E2B9E1B3854}"
EndProject
Project("{FAE04EC0-301F-11D3-BF4B-00C04F79EFBC}") = "sitecorepro3.Feature.Header", "sitecorepro3.Feature.Header\sitecorepro3.Feature.Header.csproj", "{46C888B6-0BAB-4E6C-AD3B-9D4767F12854}"
EndProject
Project("{FAE04EC0-301F-11D3-BF4B-00C04F79EFBC}") = "sitecorepro3.Feature.Footer", "sitecorepro3.Feature.Footer\sitecorepro3.Feature.Footer.csproj", "{156190CF-E791-45D5-9844-34DD7B2B8DED}"
EndProject
Project("{FAE04EC0-301F-11D3-BF4B-00C04F79EFBC}") = "sitecorepro3.Feature.BasicContent", "sitecorepro3.Feature.BasicContent\sitecorepro3.Feature.BasicContent.csproj", "{0144E524-FBB9-4F1C-91CB-9D88299ACB5C}"
EndProject
Project("{FAE04EC0-301F-11D3-BF4B-00C04F79EFBC}") = "sitecorepro3.Project.sitecorepro3", "sitecorepro3\sitecorepro3.Project.sitecorepro3.csproj", "{B55665C7-43BC-4E98-859D-53E6B6F5EEC8}"
EndProject
Project("{FAE04EC0-301F-11D3-BF4B-00C04F79EFBC}") = "sitecorepro3.Feature.Transaction", "sitecorepro3.Feature.News1\sitecorepro3.Feature.Transaction.csproj", "{C54EC7C4-B10D-4FA7-ADF7-764A59EE9424}"
EndProject
Project("{FAE04EC0-301F-11D3-BF4B-00C04F79EFBC}") = "sitecorepro3.Feature.MainContent", "sitecorepro3.Feature.MainContent\sitecorepro3.Feature.MainContent.csproj", "{5C2E9755-D769-4A3C-AA11-024E88F5F12A}"
EndProject
Project("{FAE04EC0-301F-11D3-BF4B-00C04F79EFBC}") = "sitecorepro3.Feature.Sitemap", "sitecorepro3.Feature.Sitemap\sitecorepro3.Feature.Sitemap.csproj", "{3D70C37D-CF32-4C7C-99D5-B8FA7CB9546A}"
EndProject
Project("{FAE04EC0-301F-11D3-BF4B-00C04F79EFBC}") = "sitecorepro3.Feature.CallApi", "sitecorepro3.Feature.CallApi\sitecorepro3.Feature.CallApi.csproj", "{80CD998F-91FD-4FE4-AB94-62D42D3C638D}"
EndProject
Global
	GlobalSection(SolutionConfigurationPlatforms) = preSolution
		Debug|Any CPU = Debug|Any CPU
		Release|Any CPU = Release|Any CPU
	EndGlobalSection
	GlobalSection(ProjectConfigurationPlatforms) = postSolution
		{9B5C0586-75F4-40E6-937F-8C8FB5C848ED}.Debug|Any CPU.ActiveCfg = Debug|Any CPU
		{9B5C0586-75F4-40E6-937F-8C8FB5C848ED}.Debug|Any CPU.Build.0 = Debug|Any CPU
		{9B5C0586-75F4-40E6-937F-8C8FB5C848ED}.Release|Any CPU.ActiveCfg = Release|Any CPU
		{9B5C0586-75F4-40E6-937F-8C8FB5C848ED}.Release|Any CPU.Build.0 = Release|Any CPU
		{799404BA-6B68-4F27-ABAF-48636350E147}.Debug|Any CPU.ActiveCfg = Debug|Any CPU
		{799404BA-6B68-4F27-ABAF-48636350E147}.Debug|Any CPU.Build.0 = Debug|Any CPU
		{799404BA-6B68-4F27-ABAF-48636350E147}.Release|Any CPU.ActiveCfg = Release|Any CPU
		{799404BA-6B68-4F27-ABAF-48636350E147}.Release|Any CPU.Build.0 = Release|Any CPU
		{12F88BAF-A486-47C5-8931-D66E75F0335D}.Debug|Any CPU.ActiveCfg = Debug|Any CPU
		{12F88BAF-A486-47C5-8931-D66E75F0335D}.Debug|Any CPU.Build.0 = Debug|Any CPU
		{12F88BAF-A486-47C5-8931-D66E75F0335D}.Release|Any CPU.ActiveCfg = Release|Any CPU
		{12F88BAF-A486-47C5-8931-D66E75F0335D}.Release|Any CPU.Build.0 = Release|Any CPU
		{733F74D4-F8E5-45F8-A4F7-69CDD151287B}.Debug|Any CPU.ActiveCfg = Debug|Any CPU
		{733F74D4-F8E5-45F8-A4F7-69CDD151287B}.Debug|Any CPU.Build.0 = Debug|Any CPU
		{733F74D4-F8E5-45F8-A4F7-69CDD151287B}.Release|Any CPU.ActiveCfg = Release|Any CPU
		{733F74D4-F8E5-45F8-A4F7-69CDD151287B}.Release|Any CPU.Build.0 = Release|Any CPU
		{CF4497E9-12BA-4E86-9059-95C37548771A}.Debug|Any CPU.ActiveCfg = Debug|Any CPU
		{CF4497E9-12BA-4E86-9059-95C37548771A}.Debug|Any CPU.Build.0 = Debug|Any CPU
		{CF4497E9-12BA-4E86-9059-95C37548771A}.Release|Any CPU.ActiveCfg = Release|Any CPU
		{CF4497E9-12BA-4E86-9059-95C37548771A}.Release|Any CPU.Build.0 = Release|Any CPU
		{5ED6AF79-D248-4DBD-A692-1E3B0E4EF828}.Debug|Any CPU.ActiveCfg = Debug|Any CPU
		{5ED6AF79-D248-4DBD-A692-1E3B0E4EF828}.Debug|Any CPU.Build.0 = Debug|Any CPU
		{5ED6AF79-D248-4DBD-A692-1E3B0E4EF828}.Release|Any CPU.ActiveCfg = Release|Any CPU
		{5ED6AF79-D248-4DBD-A692-1E3B0E4EF828}.Release|Any CPU.Build.0 = Release|Any CPU
		{3F9825A2-A055-4447-AEB0-97A0E639FF15}.Debug|Any CPU.ActiveCfg = Debug|Any CPU
		{3F9825A2-A055-4447-AEB0-97A0E639FF15}.Debug|Any CPU.Build.0 = Debug|Any CPU
		{3F9825A2-A055-4447-AEB0-97A0E639FF15}.Release|Any CPU.ActiveCfg = Release|Any CPU
		{3F9825A2-A055-4447-AEB0-97A0E639FF15}.Release|Any CPU.Build.0 = Release|Any CPU
		{46C888B6-0BAB-4E6C-AD3B-9D4767F12854}.Debug|Any CPU.ActiveCfg = Debug|Any CPU
		{46C888B6-0BAB-4E6C-AD3B-9D4767F12854}.Debug|Any CPU.Build.0 = Debug|Any CPU
		{46C888B6-0BAB-4E6C-AD3B-9D4767F12854}.Release|Any CPU.ActiveCfg = Release|Any CPU
		{46C888B6-0BAB-4E6C-AD3B-9D4767F12854}.Release|Any CPU.Build.0 = Release|Any CPU
		{156190CF-E791-45D5-9844-34DD7B2B8DED}.Debug|Any CPU.ActiveCfg = Debug|Any CPU
		{156190CF-E791-45D5-9844-34DD7B2B8DED}.Debug|Any CPU.Build.0 = Debug|Any CPU
		{156190CF-E791-45D5-9844-34DD7B2B8DED}.Release|Any CPU.ActiveCfg = Release|Any CPU
		{156190CF-E791-45D5-9844-34DD7B2B8DED}.Release|Any CPU.Build.0 = Release|Any CPU
		{0144E524-FBB9-4F1C-91CB-9D88299ACB5C}.Debug|Any CPU.ActiveCfg = Debug|Any CPU
		{0144E524-FBB9-4F1C-91CB-9D88299ACB5C}.Debug|Any CPU.Build.0 = Debug|Any CPU
		{0144E524-FBB9-4F1C-91CB-9D88299ACB5C}.Release|Any CPU.ActiveCfg = Release|Any CPU
		{0144E524-FBB9-4F1C-91CB-9D88299ACB5C}.Release|Any CPU.Build.0 = Release|Any CPU
		{B55665C7-43BC-4E98-859D-53E6B6F5EEC8}.Debug|Any CPU.ActiveCfg = Debug|Any CPU
		{B55665C7-43BC-4E98-859D-53E6B6F5EEC8}.Debug|Any CPU.Build.0 = Debug|Any CPU
		{B55665C7-43BC-4E98-859D-53E6B6F5EEC8}.Release|Any CPU.ActiveCfg = Release|Any CPU
		{B55665C7-43BC-4E98-859D-53E6B6F5EEC8}.Release|Any CPU.Build.0 = Release|Any CPU
		{C54EC7C4-B10D-4FA7-ADF7-764A59EE9424}.Debug|Any CPU.ActiveCfg = Debug|Any CPU
		{C54EC7C4-B10D-4FA7-ADF7-764A59EE9424}.Debug|Any CPU.Build.0 = Debug|Any CPU
		{C54EC7C4-B10D-4FA7-ADF7-764A59EE9424}.Release|Any CPU.ActiveCfg = Release|Any CPU
		{C54EC7C4-B10D-4FA7-ADF7-764A59EE9424}.Release|Any CPU.Build.0 = Release|Any CPU
		{5C2E9755-D769-4A3C-AA11-024E88F5F12A}.Debug|Any CPU.ActiveCfg = Debug|Any CPU
		{5C2E9755-D769-4A3C-AA11-024E88F5F12A}.Debug|Any CPU.Build.0 = Debug|Any CPU
		{5C2E9755-D769-4A3C-AA11-024E88F5F12A}.Release|Any CPU.ActiveCfg = Release|Any CPU
		{5C2E9755-D769-4A3C-AA11-024E88F5F12A}.Release|Any CPU.Build.0 = Release|Any CPU
		{3D70C37D-CF32-4C7C-99D5-B8FA7CB9546A}.Debug|Any CPU.ActiveCfg = Debug|Any CPU
		{3D70C37D-CF32-4C7C-99D5-B8FA7CB9546A}.Debug|Any CPU.Build.0 = Debug|Any CPU
		{3D70C37D-CF32-4C7C-99D5-B8FA7CB9546A}.Release|Any CPU.ActiveCfg = Release|Any CPU
		{3D70C37D-CF32-4C7C-99D5-B8FA7CB9546A}.Release|Any CPU.Build.0 = Release|Any CPU
		{80CD998F-91FD-4FE4-AB94-62D42D3C638D}.Debug|Any CPU.ActiveCfg = Debug|Any CPU
		{80CD998F-91FD-4FE4-AB94-62D42D3C638D}.Debug|Any CPU.Build.0 = Debug|Any CPU
		{80CD998F-91FD-4FE4-AB94-62D42D3C638D}.Release|Any CPU.ActiveCfg = Release|Any CPU
		{80CD998F-91FD-4FE4-AB94-62D42D3C638D}.Release|Any CPU.Build.0 = Release|Any CPU
	EndGlobalSection
	GlobalSection(SolutionProperties) = preSolution
		HideSolutionNode = FALSE
	EndGlobalSection
	GlobalSection(NestedProjects) = preSolution
		{9D7691B9-6B03-47F3-A460-3826C01A97CC} = {94D37B19-5F2D-4F13-813D-08563808B66F}
		{E4EFF640-5ADB-44A3-8618-6B4B453BB1A6} = {94D37B19-5F2D-4F13-813D-08563808B66F}
		{9B5C0586-75F4-40E6-937F-8C8FB5C848ED} = {E4EFF640-5ADB-44A3-8618-6B4B453BB1A6}
		{AE4C5FD0-B767-463B-90E4-FC7D8CCCA3E1} = {751F678F-A2AF-4BF4-A774-361F15751AF9}
		{60A4DC31-FDC4-4F00-B519-9439727FFDCD} = {751F678F-A2AF-4BF4-A774-361F15751AF9}
		{054BDBC4-0EC3-4518-804F-5A263C1B059F} = {751F678F-A2AF-4BF4-A774-361F15751AF9}
		{CCB7BC10-3A49-4446-97CE-C74F8352AC4C} = {E0308D1B-6DAA-46EC-AE70-9F990FBFE167}
		{3530357C-9CC6-4529-84D7-B0FB6FFC2C5B} = {94D37B19-5F2D-4F13-813D-08563808B66F}
		{5E71E4FA-648A-4C96-A40C-83B693BD364B} = {751F678F-A2AF-4BF4-A774-361F15751AF9}
		{C1643456-AC25-4E42-873A-E43498085293} = {751F678F-A2AF-4BF4-A774-361F15751AF9}
		{A96403DA-B226-4AC9-83E3-F44386119E67} = {751F678F-A2AF-4BF4-A774-361F15751AF9}
		{57FB617E-5253-4A26-8AF0-D80BAE22E1AD} = {751F678F-A2AF-4BF4-A774-361F15751AF9}
		{403D4F87-A65F-4F48-9D02-F600765DA2BB} = {751F678F-A2AF-4BF4-A774-361F15751AF9}
		{5C04BB21-C1A2-4BC6-8205-704DD385957D} = {751F678F-A2AF-4BF4-A774-361F15751AF9}
		{E513CE40-4EF5-4D8F-8508-B1F846145FB8} = {94D37B19-5F2D-4F13-813D-08563808B66F}
		{799404BA-6B68-4F27-ABAF-48636350E147} = {3530357C-9CC6-4529-84D7-B0FB6FFC2C5B}
		{C15B2632-F352-48A6-B64A-33FF883FA187} = {94D37B19-5F2D-4F13-813D-08563808B66F}
		{12F88BAF-A486-47C5-8931-D66E75F0335D} = {C15B2632-F352-48A6-B64A-33FF883FA187}
		{733F74D4-F8E5-45F8-A4F7-69CDD151287B} = {CCB7BC10-3A49-4446-97CE-C74F8352AC4C}
		{CF4497E9-12BA-4E86-9059-95C37548771A} = {E513CE40-4EF5-4D8F-8508-B1F846145FB8}
		{DAAC5F2B-076D-4016-A72A-23989F652B95} = {94D37B19-5F2D-4F13-813D-08563808B66F}
		{5ED6AF79-D248-4DBD-A692-1E3B0E4EF828} = {DAAC5F2B-076D-4016-A72A-23989F652B95}
		{3F9825A2-A055-4447-AEB0-97A0E639FF15} = {AE4C5FD0-B767-463B-90E4-FC7D8CCCA3E1}
		{C4130808-3352-41AC-9B9F-3E2B9E1B3854} = {751F678F-A2AF-4BF4-A774-361F15751AF9}
		{46C888B6-0BAB-4E6C-AD3B-9D4767F12854} = {C4130808-3352-41AC-9B9F-3E2B9E1B3854}
		{156190CF-E791-45D5-9844-34DD7B2B8DED} = {5C04BB21-C1A2-4BC6-8205-704DD385957D}
		{0144E524-FBB9-4F1C-91CB-9D88299ACB5C} = {054BDBC4-0EC3-4518-804F-5A263C1B059F}
		{B55665C7-43BC-4E98-859D-53E6B6F5EEC8} = {E0308D1B-6DAA-46EC-AE70-9F990FBFE167}
		{C54EC7C4-B10D-4FA7-ADF7-764A59EE9424} = {5E71E4FA-648A-4C96-A40C-83B693BD364B}
		{5C2E9755-D769-4A3C-AA11-024E88F5F12A} = {57FB617E-5253-4A26-8AF0-D80BAE22E1AD}
		{3D70C37D-CF32-4C7C-99D5-B8FA7CB9546A} = {A96403DA-B226-4AC9-83E3-F44386119E67}
		{80CD998F-91FD-4FE4-AB94-62D42D3C638D} = {60A4DC31-FDC4-4F00-B519-9439727FFDCD}
	EndGlobalSection
	GlobalSection(ExtensibilityGlobals) = postSolution
		EnterpriseLibraryConfigurationToolBinariesPathV6 = packages\EnterpriseLibrary.Common.6.0.1304.0\lib\NET45;packages\EnterpriseLibrary.TransientFaultHandling.6.0.1304.0\lib\portable-net45+win+wp8;packages\EnterpriseLibrary.TransientFaultHandling.Caching.6.0.1304.0\lib\NET45;packages\EnterpriseLibrary.TransientFaultHandling.Data.6.0.1304.1\lib\NET45;packages\EnterpriseLibrary.TransientFaultHandling.ServiceBus.6.0.1304.0\lib\NET45;packages\EnterpriseLibrary.TransientFaultHandling.WindowsAzure.Storage.6.0.1304.0\lib\NET45;packages\EnterpriseLibrary.TransientFaultHandling.Configuration.6.0.1304.0\lib\NET45
		SolutionGuid = {56663952-A693-424D-B404-33A619C2A141}
	EndGlobalSection
EndGlobal
